
Microsoft Visual Studio Solution File, Format Version 12.00
# Visual Studio Version 17
VisualStudioVersion = 17.5.33424.131
MinimumVisualStudioVersion = 10.0.40219.1
Project("{9A19103F-16F7-4668-BE54-9A1E7A4F7556}") = "ItemCount.Module", "ItemCount.Module\ItemCount.Module.csproj", "{A9D13102-C1C1-4445-A2FC-4573CA5A0AF6}"
EndProject
Project("{9A19103F-16F7-4668-BE54-9A1E7A4F7556}") = "ItemCount.Win", "ItemCount.Win\ItemCount.Win.csproj", "{4BC75619-1C34-41E8-91A8-93342AB975D8}"
EndProject
Project("{9A19103F-16F7-4668-BE54-9A1E7A4F7556}") = "ItemCount.Blazor.Server", "ItemCount.Blazor.Server\ItemCount.Blazor.Server.csproj", "{B740B772-EB03-47AC-8A58-04ECC82788AB}"
EndProject
Global
	GlobalSection(SolutionConfigurationPlatforms) = preSolution
		Debug|Any CPU = Debug|Any CPU
		EasyTest|Any CPU = EasyTest|Any CPU
		Release|Any CPU = Release|Any CPU
	EndGlobalSection
	GlobalSection(ProjectConfigurationPlatforms) = postSolution
		{A9D13102-C1C1-4445-A2FC-4573CA5A0AF6}.Debug|Any CPU.ActiveCfg = Debug|Any CPU
		{A9D13102-C1C1-4445-A2FC-4573CA5A0AF6}.Debug|Any CPU.Build.0 = Debug|Any CPU
		{A9D13102-C1C1-4445-A2FC-4573CA5A0AF6}.EasyTest|Any CPU.ActiveCfg = EasyTest|Any CPU
		{A9D13102-C1C1-4445-A2FC-4573CA5A0AF6}.EasyTest|Any CPU.Build.0 = EasyTest|Any CPU
		{A9D13102-C1C1-4445-A2FC-4573CA5A0AF6}.Release|Any CPU.ActiveCfg = Release|Any CPU
		{A9D13102-C1C1-4445-A2FC-4573CA5A0AF6}.Release|Any CPU.Build.0 = Release|Any CPU
		{4BC75619-1C34-41E8-91A8-93342AB975D8}.Debug|Any CPU.ActiveCfg = Debug|Any CPU
		{4BC75619-1C34-41E8-91A8-93342AB975D8}.Debug|Any CPU.Build.0 = Debug|Any CPU
		{4BC75619-1C34-41E8-91A8-93342AB975D8}.EasyTest|Any CPU.ActiveCfg = EasyTest|Any CPU
		{4BC75619-1C34-41E8-91A8-93342AB975D8}.EasyTest|Any CPU.Build.0 = EasyTest|Any CPU
		{4BC75619-1C34-41E8-91A8-93342AB975D8}.Release|Any CPU.ActiveCfg = Release|Any CPU
		{4BC75619-1C34-41E8-91A8-93342AB975D8}.Release|Any CPU.Build.0 = Release|Any CPU
		{B740B772-EB03-47AC-8A58-04ECC82788AB}.Debug|Any CPU.ActiveCfg = Debug|Any CPU
		{B740B772-EB03-47AC-8A58-04ECC82788AB}.Debug|Any CPU.Build.0 = Debug|Any CPU
		{B740B772-EB03-47AC-8A58-04ECC82788AB}.EasyTest|Any CPU.ActiveCfg = EasyTest|Any CPU
		{B740B772-EB03-47AC-8A58-04ECC82788AB}.EasyTest|Any CPU.Build.0 = EasyTest|Any CPU
		{B740B772-EB03-47AC-8A58-04ECC82788AB}.Release|Any CPU.ActiveCfg = Release|Any CPU
		{B740B772-EB03-47AC-8A58-04ECC82788AB}.Release|Any CPU.Build.0 = Release|Any CPU
	EndGlobalSection
	GlobalSection(SolutionProperties) = preSolution
		HideSolutionNode = FALSE
	EndGlobalSection
	GlobalSection(ExtensibilityGlobals) = postSolution
		SolutionGuid = {AD06BA82-44F7-49A6-98FA-332C47986D9E}
	EndGlobalSection
EndGlobal
