
Microsoft Visual Studio Solution File, Format Version 12.00
# Visual Studio Version 17
VisualStudioVersion = 17.5.33424.131
MinimumVisualStudioVersion = 10.0.40219.1
Project("{9A19103F-16F7-4668-BE54-9A1E7A4F7556}") = "ItemCountEF.Blazor.Server", "ItemCountEF.Blazor.Server\ItemCountEF.Blazor.Server.csproj", "{425629B7-A08C-4666-A7DE-9DA0CB35B1F4}"
EndProject
Project("{9A19103F-16F7-4668-BE54-9A1E7A4F7556}") = "ItemCountEF.Module", "ItemCountEF.Module\ItemCountEF.Module.csproj", "{D5A863C4-A720-4D16-A8BF-156847EDAF62}"
EndProject
Project("{9A19103F-16F7-4668-BE54-9A1E7A4F7556}") = "ItemCountEF.Win", "ItemCountEF.Win\ItemCountEF.Win.csproj", "{459A5856-D584-4679-B99C-5B1C00F9D3EB}"
EndProject

Global
	GlobalSection(SolutionConfigurationPlatforms) = preSolution
		Debug|Any CPU = Debug|Any CPU
		EasyTest|Any CPU = EasyTest|Any CPU
		Release|Any CPU = Release|Any CPU
	EndGlobalSection
	GlobalSection(ProjectConfigurationPlatforms) = postSolution
		{D5A863C4-A720-4D16-A8BF-156847EDAF62}.Debug|Any CPU.ActiveCfg = Debug|Any CPU
		{D5A863C4-A720-4D16-A8BF-156847EDAF62}.Debug|Any CPU.Build.0 = Debug|Any CPU
		{D5A863C4-A720-4D16-A8BF-156847EDAF62}.EasyTest|Any CPU.ActiveCfg = EasyTest|Any CPU
		{D5A863C4-A720-4D16-A8BF-156847EDAF62}.EasyTest|Any CPU.Build.0 = EasyTest|Any CPU
		{D5A863C4-A720-4D16-A8BF-156847EDAF62}.Release|Any CPU.ActiveCfg = Release|Any CPU
		{D5A863C4-A720-4D16-A8BF-156847EDAF62}.Release|Any CPU.Build.0 = Release|Any CPU
		{459A5856-D584-4679-B99C-5B1C00F9D3EB}.Debug|Any CPU.ActiveCfg = Debug|Any CPU
		{459A5856-D584-4679-B99C-5B1C00F9D3EB}.Debug|Any CPU.Build.0 = Debug|Any CPU
		{459A5856-D584-4679-B99C-5B1C00F9D3EB}.EasyTest|Any CPU.ActiveCfg = EasyTest|Any CPU
		{459A5856-D584-4679-B99C-5B1C00F9D3EB}.EasyTest|Any CPU.Build.0 = EasyTest|Any CPU
		{459A5856-D584-4679-B99C-5B1C00F9D3EB}.Release|Any CPU.ActiveCfg = Release|Any CPU
		{459A5856-D584-4679-B99C-5B1C00F9D3EB}.Release|Any CPU.Build.0 = Release|Any CPU
		{425629B7-A08C-4666-A7DE-9DA0CB35B1F4}.Debug|Any CPU.ActiveCfg = Debug|Any CPU
		{425629B7-A08C-4666-A7DE-9DA0CB35B1F4}.Debug|Any CPU.Build.0 = Debug|Any CPU
		{425629B7-A08C-4666-A7DE-9DA0CB35B1F4}.EasyTest|Any CPU.ActiveCfg = EasyTest|Any CPU
		{425629B7-A08C-4666-A7DE-9DA0CB35B1F4}.EasyTest|Any CPU.Build.0 = EasyTest|Any CPU
		{425629B7-A08C-4666-A7DE-9DA0CB35B1F4}.Release|Any CPU.ActiveCfg = Release|Any CPU
		{425629B7-A08C-4666-A7DE-9DA0CB35B1F4}.Release|Any CPU.Build.0 = Release|Any CPU
	EndGlobalSection
	GlobalSection(SolutionProperties) = preSolution
		HideSolutionNode = FALSE
	EndGlobalSection
EndGlobal
